
Microsoft Visual Studio Solution File, Format Version 12.00
# Visual Studio Version 17
VisualStudioVersion = 17.7.34031.279
MinimumVisualStudioVersion = 10.0.40219.1
Project("{FAE04EC0-301F-11D3-BF4B-00C04F79EFBC}") = "StockManagementSystem", "InventoryManagementSystem\StockManagementSystem.csproj", "{C2E3E8DF-1441-411D-BFE4-63467E7242E4}"
EndProject
Project("{54435603-DBB4-11D2-8724-00A0C9A8B90C}") = "Stock Management", "Stock Management\Stock Management.vdproj", "{5EFC38AD-D522-4D41-B649-05CF5B6878CC}"
EndProject
Global
	GlobalSection(SolutionConfigurationPlatforms) = preSolution
		Debug|Any CPU = Debug|Any CPU
		Release|Any CPU = Release|Any CPU
	EndGlobalSection
	GlobalSection(ProjectConfigurationPlatforms) = postSolution
		{C2E3E8DF-1441-411D-BFE4-63467E7242E4}.Debug|Any CPU.ActiveCfg = Debug|Any CPU
		{C2E3E8DF-1441-411D-BFE4-63467E7242E4}.Debug|Any CPU.Build.0 = Debug|Any CPU
		{C2E3E8DF-1441-411D-BFE4-63467E7242E4}.Release|Any CPU.ActiveCfg = Release|Any CPU
		{C2E3E8DF-1441-411D-BFE4-63467E7242E4}.Release|Any CPU.Build.0 = Release|Any CPU
		{5EFC38AD-D522-4D41-B649-05CF5B6878CC}.Debug|Any CPU.ActiveCfg = Debug
		{5EFC38AD-D522-4D41-B649-05CF5B6878CC}.Release|Any CPU.ActiveCfg = Release
	EndGlobalSection
	GlobalSection(SolutionProperties) = preSolution
		HideSolutionNode = FALSE
	EndGlobalSection
	GlobalSection(ExtensibilityGlobals) = postSolution
		SolutionGuid = {5A679C09-FAFF-4ED2-B52B-11C1899A2E77}
	EndGlobalSection
EndGlobal
